
Microsoft Visual Studio Solution File, Format Version 12.00
# Visual Studio Version 17
VisualStudioVersion = 17.13.35931.197 d17.13
MinimumVisualStudioVersion = 10.0.40219.1
Project("{FAE04EC0-301F-11D3-BF4B-00C04F79EFBC}") = "05.26.DOGA", "05.26.DOGA\05.26.DOGA.csproj", "{24B64C2D-57CF-4658-AD23-50593528D6A3}"
EndProject
Global
	GlobalSection(SolutionConfigurationPlatforms) = preSolution
		Debug|Any CPU = Debug|Any CPU
		Release|Any CPU = Release|Any CPU
	EndGlobalSection
	GlobalSection(ProjectConfigurationPlatforms) = postSolution
		{24B64C2D-57CF-4658-AD23-50593528D6A3}.Debug|Any CPU.ActiveCfg = Debug|Any CPU
		{24B64C2D-57CF-4658-AD23-50593528D6A3}.Debug|Any CPU.Build.0 = Debug|Any CPU
		{24B64C2D-57CF-4658-AD23-50593528D6A3}.Release|Any CPU.ActiveCfg = Release|Any CPU
		{24B64C2D-57CF-4658-AD23-50593528D6A3}.Release|Any CPU.Build.0 = Release|Any CPU
	EndGlobalSection
	GlobalSection(SolutionProperties) = preSolution
		HideSolutionNode = FALSE
	EndGlobalSection
	GlobalSection(ExtensibilityGlobals) = postSolution
		SolutionGuid = {E3341388-6D19-4106-8017-F50B6833D430}
	EndGlobalSection
EndGlobal
